
Microsoft Visual Studio Solution File, Format Version 12.00
# Visual Studio Version 17
VisualStudioVersion = 17.0.32014.148
MinimumVisualStudioVersion = 10.0.40219.1
Project("{FAE04EC0-301F-11D3-BF4B-00C04F79EFBC}") = "new train", "new train\new train.csproj", "{B74237BD-6BB5-408B-91B2-58E2ED0930F9}"
EndProject
Global
	GlobalSection(SolutionConfigurationPlatforms) = preSolution
		Debug|Any CPU = Debug|Any CPU
		Release|Any CPU = Release|Any CPU
	EndGlobalSection
	GlobalSection(ProjectConfigurationPlatforms) = postSolution
		{B74237BD-6BB5-408B-91B2-58E2ED0930F9}.Debug|Any CPU.ActiveCfg = Debug|Any CPU
		{B74237BD-6BB5-408B-91B2-58E2ED0930F9}.Debug|Any CPU.Build.0 = Debug|Any CPU
		{B74237BD-6BB5-408B-91B2-58E2ED0930F9}.Release|Any CPU.ActiveCfg = Release|Any CPU
		{B74237BD-6BB5-408B-91B2-58E2ED0930F9}.Release|Any CPU.Build.0 = Release|Any CPU
	EndGlobalSection
	GlobalSection(SolutionProperties) = preSolution
		HideSolutionNode = FALSE
	EndGlobalSection
	GlobalSection(ExtensibilityGlobals) = postSolution
		SolutionGuid = {6020AB35-0F2B-401A-8B34-B720B7D41E21}
	EndGlobalSection
EndGlobal
